
Microsoft Visual Studio Solution File, Format Version 12.00
# Visual Studio Version 17
VisualStudioVersion = 17.7.34221.43
MinimumVisualStudioVersion = 10.0.40219.1
Project("{FAE04EC0-301F-11D3-BF4B-00C04F79EFBC}") = "Solution", "Solution.csproj", "{B3548041-809D-4C87-BFF8-0AEB90DDC94C}"
EndProject
Global
	GlobalSection(SolutionConfigurationPlatforms) = preSolution
		Debug|Any CPU = Debug|Any CPU
		Release|Any CPU = Release|Any CPU
	EndGlobalSection
	GlobalSection(ProjectConfigurationPlatforms) = postSolution
		{B3548041-809D-4C87-BFF8-0AEB90DDC94C}.Debug|Any CPU.ActiveCfg = Debug|Any CPU
		{B3548041-809D-4C87-BFF8-0AEB90DDC94C}.Debug|Any CPU.Build.0 = Debug|Any CPU
		{B3548041-809D-4C87-BFF8-0AEB90DDC94C}.Release|Any CPU.ActiveCfg = Release|Any CPU
		{B3548041-809D-4C87-BFF8-0AEB90DDC94C}.Release|Any CPU.Build.0 = Release|Any CPU
	EndGlobalSection
	GlobalSection(SolutionProperties) = preSolution
		HideSolutionNode = FALSE
	EndGlobalSection
	GlobalSection(ExtensibilityGlobals) = postSolution
		SolutionGuid = {B833EF05-289A-4B1A-B378-1B94D90C2D69}
	EndGlobalSection
EndGlobal
